
Microsoft Visual Studio Solution File, Format Version 12.00
# Visual Studio Version 16
VisualStudioVersion = 16.0.30413.136
MinimumVisualStudioVersion = 10.0.40219.1
Project("{9A19103F-16F7-4668-BE54-9A1E7A4F7556}") = "caetano", "caetano\caetano.csproj", "{B0593203-5D51-4B54-822B-FD8098D893D2}"
EndProject
Project("{9A19103F-16F7-4668-BE54-9A1E7A4F7556}") = "CapaDatos", "CapaDatos\CapaDatos.csproj", "{6385FA45-38A8-44A7-9E23-EAAABC97D859}"
EndProject
Project("{9A19103F-16F7-4668-BE54-9A1E7A4F7556}") = "CapaNegocio", "CapaNegocio\CapaNegocio.csproj", "{63A2F67C-484C-4C52-8679-B6E8D1CECF01}"
EndProject
Project("{9A19103F-16F7-4668-BE54-9A1E7A4F7556}") = "CapaPresentacion", "CapaPresentacion\CapaPresentacion.csproj", "{9CCA4289-B470-4C7D-9AFD-510902597A13}"
EndProject
Global
	GlobalSection(SolutionConfigurationPlatforms) = preSolution
		Debug|Any CPU = Debug|Any CPU
		Release|Any CPU = Release|Any CPU
	EndGlobalSection
	GlobalSection(ProjectConfigurationPlatforms) = postSolution
		{B0593203-5D51-4B54-822B-FD8098D893D2}.Debug|Any CPU.ActiveCfg = Debug|Any CPU
		{B0593203-5D51-4B54-822B-FD8098D893D2}.Debug|Any CPU.Build.0 = Debug|Any CPU
		{B0593203-5D51-4B54-822B-FD8098D893D2}.Release|Any CPU.ActiveCfg = Release|Any CPU
		{B0593203-5D51-4B54-822B-FD8098D893D2}.Release|Any CPU.Build.0 = Release|Any CPU
		{6385FA45-38A8-44A7-9E23-EAAABC97D859}.Debug|Any CPU.ActiveCfg = Debug|Any CPU
		{6385FA45-38A8-44A7-9E23-EAAABC97D859}.Debug|Any CPU.Build.0 = Debug|Any CPU
		{6385FA45-38A8-44A7-9E23-EAAABC97D859}.Release|Any CPU.ActiveCfg = Release|Any CPU
		{6385FA45-38A8-44A7-9E23-EAAABC97D859}.Release|Any CPU.Build.0 = Release|Any CPU
		{63A2F67C-484C-4C52-8679-B6E8D1CECF01}.Debug|Any CPU.ActiveCfg = Debug|Any CPU
		{63A2F67C-484C-4C52-8679-B6E8D1CECF01}.Debug|Any CPU.Build.0 = Debug|Any CPU
		{63A2F67C-484C-4C52-8679-B6E8D1CECF01}.Release|Any CPU.ActiveCfg = Release|Any CPU
		{63A2F67C-484C-4C52-8679-B6E8D1CECF01}.Release|Any CPU.Build.0 = Release|Any CPU
		{9CCA4289-B470-4C7D-9AFD-510902597A13}.Debug|Any CPU.ActiveCfg = Debug|Any CPU
		{9CCA4289-B470-4C7D-9AFD-510902597A13}.Debug|Any CPU.Build.0 = Debug|Any CPU
		{9CCA4289-B470-4C7D-9AFD-510902597A13}.Release|Any CPU.ActiveCfg = Release|Any CPU
		{9CCA4289-B470-4C7D-9AFD-510902597A13}.Release|Any CPU.Build.0 = Release|Any CPU
	EndGlobalSection
	GlobalSection(SolutionProperties) = preSolution
		HideSolutionNode = FALSE
	EndGlobalSection
	GlobalSection(ExtensibilityGlobals) = postSolution
		SolutionGuid = {83AB7468-0746-474C-83F4-819A6EA13DA2}
	EndGlobalSection
EndGlobal
